
Microsoft Visual Studio Solution File, Format Version 12.00
# Visual Studio Version 17
VisualStudioVersion = 17.2.32526.322
MinimumVisualStudioVersion = 10.0.40219.1
Project("{FAE04EC0-301F-11D3-BF4B-00C04F79EFBC}") = "WebApplication1", "WebApplication1.csproj", "{3B024ACA-B7C4-40BE-A1FE-4F82DEEF7E16}"
EndProject
Global
	GlobalSection(SolutionConfigurationPlatforms) = preSolution
		Debug|Any CPU = Debug|Any CPU
		Release|Any CPU = Release|Any CPU
	EndGlobalSection
	GlobalSection(ProjectConfigurationPlatforms) = postSolution
		{3B024ACA-B7C4-40BE-A1FE-4F82DEEF7E16}.Debug|Any CPU.ActiveCfg = Debug|Any CPU
		{3B024ACA-B7C4-40BE-A1FE-4F82DEEF7E16}.Debug|Any CPU.Build.0 = Debug|Any CPU
		{3B024ACA-B7C4-40BE-A1FE-4F82DEEF7E16}.Release|Any CPU.ActiveCfg = Release|Any CPU
		{3B024ACA-B7C4-40BE-A1FE-4F82DEEF7E16}.Release|Any CPU.Build.0 = Release|Any CPU
	EndGlobalSection
	GlobalSection(SolutionProperties) = preSolution
		HideSolutionNode = FALSE
	EndGlobalSection
	GlobalSection(ExtensibilityGlobals) = postSolution
		SolutionGuid = {CF1A3230-88D8-4851-9AFA-0139FD793B6D}
	EndGlobalSection
EndGlobal
